
Microsoft Visual Studio Solution File, Format Version 12.00
# Visual Studio Version 17
VisualStudioVersion = 17.12.35707.178
MinimumVisualStudioVersion = 10.0.40219.1
Project("{FAE04EC0-301F-11D3-BF4B-00C04F79EFBC}") = "JwtTokenSample", "WebApplication1\JwtTokenSample.csproj", "{D393324E-26E9-4242-89FF-87DCC60898DB}"
EndProject
Project("{2150E333-8FDC-42A3-9474-1A3956D46DE8}") = "Элементы решения", "Элементы решения", "{854B9EB1-5999-41B5-9C2E-9D709A842B13}"
	ProjectSection(SolutionItems) = preProject
		README.md = README.md
	EndProjectSection
EndProject
Global
	GlobalSection(SolutionConfigurationPlatforms) = preSolution
		Debug|Any CPU = Debug|Any CPU
		Release|Any CPU = Release|Any CPU
	EndGlobalSection
	GlobalSection(ProjectConfigurationPlatforms) = postSolution
		{D393324E-26E9-4242-89FF-87DCC60898DB}.Debug|Any CPU.ActiveCfg = Debug|Any CPU
		{D393324E-26E9-4242-89FF-87DCC60898DB}.Debug|Any CPU.Build.0 = Debug|Any CPU
		{D393324E-26E9-4242-89FF-87DCC60898DB}.Release|Any CPU.ActiveCfg = Release|Any CPU
		{D393324E-26E9-4242-89FF-87DCC60898DB}.Release|Any CPU.Build.0 = Release|Any CPU
	EndGlobalSection
	GlobalSection(SolutionProperties) = preSolution
		HideSolutionNode = FALSE
	EndGlobalSection
	GlobalSection(ExtensibilityGlobals) = postSolution
		SolutionGuid = {517F38CC-8040-4D58-88DE-4D171D7D634F}
	EndGlobalSection
EndGlobal
